<?xml version="1.0" encoding="utf-8"?>
<Project ToolsVersion="17.0" xmlns="http://schemas.microsoft.com/developer/msbuild/2003">
  <ItemGroup>
    <ClCompile Include="C:\Users\seryl\Desktop\fichiers\Ynov\cours\B3\ProjetB3\ItalienQuiSaute\CPP-Game\ItalienQuiSaute\ItalienQuiSaute.cpp">
      <Filter>Source Files</Filter>
    </ClCompile>
  </ItemGroup>
  <ItemGroup>
    <ClInclude Include="C:\Users\seryl\Desktop\fichiers\Ynov\cours\B3\ProjetB3\ItalienQuiSaute\CPP-Game\ItalienQuiSaute\Component.hpp">
      <Filter>Header Files</Filter>
    </ClInclude>
    <ClInclude Include="C:\Users\seryl\Desktop\fichiers\Ynov\cours\B3\ProjetB3\ItalienQuiSaute\CPP-Game\ItalienQuiSaute\Enemy.hpp">
      <Filter>Header Files</Filter>
    </ClInclude>
    <ClInclude Include="C:\Users\seryl\Desktop\fichiers\Ynov\cours\B3\ProjetB3\ItalienQuiSaute\CPP-Game\ItalienQuiSaute\Entity.hpp">
      <Filter>Header Files</Filter>
    </ClInclude>
    <ClInclude Include="C:\Users\seryl\Desktop\fichiers\Ynov\cours\B3\ProjetB3\ItalienQuiSaute\CPP-Game\ItalienQuiSaute\EntityHealthComponent.hpp">
      <Filter>Header Files</Filter>
    </ClInclude>
    <ClInclude Include="C:\Users\seryl\Desktop\fichiers\Ynov\cours\B3\ProjetB3\ItalienQuiSaute\CPP-Game\ItalienQuiSaute\EntityManager.hpp">
      <Filter>Header Files</Filter>
    </ClInclude>
    <ClInclude Include="C:\Users\seryl\Desktop\fichiers\Ynov\cours\B3\ProjetB3\ItalienQuiSaute\CPP-Game\ItalienQuiSaute\GameManager.hpp">
      <Filter>Header Files</Filter>
    </ClInclude>
    <ClInclude Include="C:\Users\seryl\Desktop\fichiers\Ynov\cours\B3\ProjetB3\ItalienQuiSaute\CPP-Game\ItalienQuiSaute\GravityComponent.hpp">
      <Filter>Header Files</Filter>
    </ClInclude>
    <ClInclude Include="C:\Users\seryl\Desktop\fichiers\Ynov\cours\B3\ProjetB3\ItalienQuiSaute\CPP-Game\ItalienQuiSaute\InputManager.hpp">
      <Filter>Header Files</Filter>
    </ClInclude>
    <ClInclude Include="C:\Users\seryl\Desktop\fichiers\Ynov\cours\B3\ProjetB3\ItalienQuiSaute\CPP-Game\ItalienQuiSaute\PlayerControllerComponent.hpp">
      <Filter>Header Files</Filter>
    </ClInclude>
    <ClInclude Include="C:\Users\seryl\Desktop\fichiers\Ynov\cours\B3\ProjetB3\ItalienQuiSaute\CPP-Game\ItalienQuiSaute\PlayerEntity.hpp">
      <Filter>Header Files</Filter>
    </ClInclude>
    <ClInclude Include="C:\Users\seryl\Desktop\fichiers\Ynov\cours\B3\ProjetB3\ItalienQuiSaute\CPP-Game\ItalienQuiSaute\SpriteRendererComponent.hpp">
      <Filter>Header Files</Filter>
    </ClInclude>
    <ClInclude Include="C:\Users\seryl\Desktop\fichiers\Ynov\cours\B3\ProjetB3\ItalienQuiSaute\CPP-Game\ItalienQuiSaute\Textures.hpp">
      <Filter>Header Files</Filter>
    </ClInclude>
    <ClInclude Include="C:\Users\seryl\Desktop\fichiers\Ynov\cours\B3\ProjetB3\ItalienQuiSaute\CPP-Game\ItalienQuiSaute\TransformComponent.hpp">
      <Filter>Header Files</Filter>
    </ClInclude>
    <ClInclude Include="C:\Users\seryl\Desktop\fichiers\Ynov\cours\B3\ProjetB3\ItalienQuiSaute\CPP-Game\ItalienQuiSaute\API\RequestManager.hpp">
      <Filter>Header Files</Filter>
    </ClInclude>
    <ClInclude Include="C:\Users\seryl\Desktop\fichiers\Ynov\cours\B3\ProjetB3\ItalienQuiSaute\CPP-Game\ItalienQuiSaute\Maths\Vector2.h">
      <Filter>Header Files</Filter>
    </ClInclude>
    <ClInclude Include="GameObject.hpp">
      <Filter>Header Files</Filter>
    </ClInclude>
  </ItemGroup>
  <ItemGroup>
    <CustomBuild Include="C:\Users\seryl\Desktop\fichiers\Ynov\cours\B3\ProjetB3\ItalienQuiSaute\CPP-Game\CMakeLists.txt" />
  </ItemGroup>
  <ItemGroup>
    <Image Include="C:\Users\seryl\Desktop\fichiers\Ynov\cours\B3\ProjetB3\ItalienQuiSaute\CPP-Game\ItalienQuiSaute\Assets\Sprites\BlueContainer.png">
      <Filter>Resources</Filter>
    </Image>
    <Image Include="C:\Users\seryl\Desktop\fichiers\Ynov\cours\B3\ProjetB3\ItalienQuiSaute\CPP-Game\ItalienQuiSaute\Assets\Sprites\rat.png">
      <Filter>Resources</Filter>
    </Image>
  </ItemGroup>
  <ItemGroup>
    <Filter Include="Header Files">
      <UniqueIdentifier>{11E315E3-75DE-35A5-985E-F02E00C073EF}</UniqueIdentifier>
    </Filter>
    <Filter Include="Resources">
      <UniqueIdentifier>{8C44D678-D2E5-3F84-BAE0-594DDEB0B05C}</UniqueIdentifier>
    </Filter>
    <Filter Include="Source Files">
      <UniqueIdentifier>{7EBEC5D4-73EE-3D9F-8B97-04A1591DEF1F}</UniqueIdentifier>
    </Filter>
  </ItemGroup>
</Project>